
Microsoft Visual Studio Solution File, Format Version 12.00
# Visual Studio Version 16
VisualStudioVersion = 16.0.29609.76
MinimumVisualStudioVersion = 10.0.40219.1
Project("{FAE04EC0-301F-11D3-BF4B-00C04F79EFBC}") = "GrpcServicePractise", "GrpcServicePractise\GrpcServicePractise.csproj", "{A4C3232A-4D28-4FBC-8AFE-091CC4063F3B}"
EndProject
Project("{FAE04EC0-301F-11D3-BF4B-00C04F79EFBC}") = "GrpcConsoleClient", "GrpcConsoleClient\GrpcConsoleClient.csproj", "{F3E49A7F-2CC3-4BF1-9985-EA659F095D56}"
EndProject
Global
	GlobalSection(SolutionConfigurationPlatforms) = preSolution
		Debug|Any CPU = Debug|Any CPU
		Release|Any CPU = Release|Any CPU
	EndGlobalSection
	GlobalSection(ProjectConfigurationPlatforms) = postSolution
		{A4C3232A-4D28-4FBC-8AFE-091CC4063F3B}.Debug|Any CPU.ActiveCfg = Debug|Any CPU
		{A4C3232A-4D28-4FBC-8AFE-091CC4063F3B}.Debug|Any CPU.Build.0 = Debug|Any CPU
		{A4C3232A-4D28-4FBC-8AFE-091CC4063F3B}.Release|Any CPU.ActiveCfg = Release|Any CPU
		{A4C3232A-4D28-4FBC-8AFE-091CC4063F3B}.Release|Any CPU.Build.0 = Release|Any CPU
		{F3E49A7F-2CC3-4BF1-9985-EA659F095D56}.Debug|Any CPU.ActiveCfg = Debug|Any CPU
		{F3E49A7F-2CC3-4BF1-9985-EA659F095D56}.Debug|Any CPU.Build.0 = Debug|Any CPU
		{F3E49A7F-2CC3-4BF1-9985-EA659F095D56}.Release|Any CPU.ActiveCfg = Release|Any CPU
		{F3E49A7F-2CC3-4BF1-9985-EA659F095D56}.Release|Any CPU.Build.0 = Release|Any CPU
	EndGlobalSection
	GlobalSection(SolutionProperties) = preSolution
		HideSolutionNode = FALSE
	EndGlobalSection
	GlobalSection(ExtensibilityGlobals) = postSolution
		SolutionGuid = {DCCE1487-D034-46D7-87D2-10288578C02C}
	EndGlobalSection
EndGlobal
